{
    "name": "miti-account",
    "version": "1.0.0",
    "lockfileVersion": 3,
    "requires": true,
    "packages": {
        "": {
            "name": "miti-account",
            "version": "1.0.0",
            "dependencies": {
                "miti-settings": "file:./../MitiSettings"
            }
        },
        "../MitiSettings": {
            "name": "miti-settings",
            "version": "1.0.0"
        },
        "node_modules/miti-settings": {
            "resolved": "../MitiSettings",
            "link": true
        }
    }
}
