{
    "name": "miti-admin",
    "version": "1.0.0",
    "lockfileVersion": 3,
    "requires": true,
    "packages": {
        "": {
            "name": "miti-admin",
            "version": "1.0.0",
            "dependencies": {
                "miti-account": "file:./../MitiAccount",
                "miti-auth": "file:./../MitiAuth",
                "miti-settings": "file:./../MitiSettings"
            }
        },
        "../MitiAccount": {
            "version": "1.0.0",
            "dependencies": {
                "miti-settings": "file:./../MitiSettings"
            }
        },
        "../MitiAuth": {
            "version": "1.0.0",
            "dependencies": {
                "bcryptjs": "^2.4.3",
                "jsonwebtoken": "^9.0.0",
                "miti-settings": "file:./../MitiSettings"
            }
        },
        "../MitiSettings": {
            "name": "miti-settings",
            "version": "1.0.0"
        },
        "node_modules/miti-account": {
            "resolved": "../MitiAccount",
            "link": true
        },
        "node_modules/miti-auth": {
            "resolved": "../MitiAuth",
            "link": true
        },
        "node_modules/miti-settings": {
            "resolved": "../MitiSettings",
            "link": true
        }
    }
}
